// !$*UTF8*$!
{
	archiveVersion = 1;
	classes = {
	};
	objectVersion = 48;
	objects = {

/* Begin PBXBuildFile section */
		BED6D03F1F8E0AEF00796293 /* AppDelegate.swift in Sources */ = {isa = PBXBuildFile; fileRef = BED6D03E1F8E0AEF00796293 /* AppDelegate.swift */; };
		BED6D0411F8E0AEF00796293 /* ViewController.swift in Sources */ = {isa = PBXBuildFile; fileRef = BED6D0401F8E0AEF00796293 /* ViewController.swift */; };
		BED6D0441F8E0AEF00796293 /* Main.storyboard in Resources */ = {isa = PBXBuildFile; fileRef = BED6D0421F8E0AEF00796293 /* Main.storyboard */; };
		BED6D0461F8E0AEF00796293 /* Assets.xcassets in Resources */ = {isa = PBXBuildFile; fileRef = BED6D0451F8E0AEF00796293 /* Assets.xcassets */; };
		BED6D0491F8E0AEF00796293 /* LaunchScreen.storyboard in Resources */ = {isa = PBXBuildFile; fileRef = BED6D0471F8E0AEF00796293 /* LaunchScreen.storyboard */; };
/* End PBXBuildFile section */

/* Begin PBXFileReference section */
		BED6D03B1F8E0AEF00796293 /* autolayoutcoded.app */ = {isa = PBXFileReference; explicitFileType = wrapper.application; includeInIndex = 0; path = autolayoutcoded.app; sourceTree = BUILT_PRODUCTS_DIR; };
		BED6D03E1F8E0AEF00796293 /* AppDelegate.swift */ = {isa = PBXFileReference; lastKnownFileType = sourcecode.swift; path = AppDelegate.swift; sourceTree = "<group>"; };
		BED6D0401F8E0AEF00796293 /* ViewController.swift */ = {isa = PBXFileReference; lastKnownFileType = sourcecode.swift; path = ViewController.swift; sourceTree = "<group>"; };
		BED6D0431F8E0AEF00796293 /* Base */ = {isa = PBXFileReference; lastKnownFileType = file.storyboard; name = Base; path = Base.lproj/Main.storyboard; sourceTree = "<group>"; };
		BED6D0451F8E0AEF00796293 /* Assets.xcassets */ = {isa = PBXFileReference; lastKnownFileType = folder.assetcatalog; path = Assets.xcassets; sourceTree = "<group>"; };
		BED6D0481F8E0AEF00796293 /* Base */ = {isa = PBXFileReference; lastKnownFileType = file.storyboard; name = Base; path = Base.lproj/LaunchScreen.storyboard; sourceTree = "<group>"; };
		BED6D04A1F8E0AEF00796293 /* Info.plist */ = {isa = PBXFileReference; lastKnownFileType = text.plist.xml; path = Info.plist; sourceTree = "<group>"; };
/* End PBXFileReference section */

/* Begin PBXFrameworksBuildPhase section */
		BED6D0381F8E0AEF00796293 /* Frameworks */ = {
			isa = PBXFrameworksBuildPhase;
			buildActionMask = 2147483647;
			files = (
			);
			runOnlyForDeploymentPostprocessing = 0;
		};
/* End PBXFrameworksBuildPhase section */

/* Begin PBXGroup section */
		BED6D0321F8E0AEF00796293 = {
			isa = PBXGroup;
			children = (
				BED6D03D1F8E0AEF00796293 /* autolayoutcoded */,
				BED6D03C1F8E0AEF00796293 /* Products */,
			);
			sourceTree = "<group>";
		};
		BED6D03C1F8E0AEF00796293 /* Products */ = {
			isa = PBXGroup;
			children = (
				BED6D03B1F8E0AEF00796293 /* autolayoutcoded.app */,
			);
			name = Products;
			sourceTree = "<group>";
		};
		BED6D03D1F8E0AEF00796293 /* autolayoutcoded */ = {
			isa = PBXGroup;
			children = (
				BED6D03E1F8E0AEF00796293 /* AppDelegate.swift */,
				BED6D0401F8E0AEF00796293 /* ViewController.swift */,
				BED6D0421F8E0AEF00796293 /* Main.storyboard */,
				BED6D0451F8E0AEF00796293 /* Assets.xcassets */,
				BED6D0471F8E0AEF00796293 /* LaunchScreen.storyboard */,
				BED6D04A1F8E0AEF00796293 /* Info.plist */,
			);
			path = autolayoutcoded;
			sourceTree = "<group>";
		};
/* End PBXGroup section */

/* Begin PBXNativeTarget section */
		BED6D03A1F8E0AEF00796293 /* autolayoutcoded */ = {
			isa = PBXNativeTarget;
			buildConfigurationList = BED6D04D1F8E0AEF00796293 /* Build configuration list for PBXNativeTarget "autolayoutcoded" */;
			buildPhases = (
				BED6D0371F8E0AEF00796293 /* Sources */,
				BED6D0381F8E0AEF00796293 /* Frameworks */,
				BED6D0391F8E0AEF00796293 /* Resources */,
			);
			buildRules = (
			);
			dependencies = (
			);
			name = autolayoutcoded;
			productName = autolayoutcoded;
			productReference = BED6D03B1F8E0AEF00796293 /* autolayoutcoded.app */;
			productType = "com.apple.product-type.application";
		};
/* End PBXNativeTarget section */

/* Begin PBXProject section */
		BED6D0331F8E0AEF00796293 /* Project object */ = {
			isa = PBXProject;
			attributes = {
				LastSwiftUpdateCheck = 0910;
				LastUpgradeCheck = 0910;
				ORGANIZATIONNAME = "Mark Hoath";
				TargetAttributes = {
					BED6D03A1F8E0AEF00796293 = {
						CreatedOnToolsVersion = 9.1;
						ProvisioningStyle = Automatic;
					};
				};
			};
			buildConfigurationList = BED6D0361F8E0AEF00796293 /* Build configuration list for PBXProject "autolayoutcoded" */;
			compatibilityVersion = "Xcode 8.0";
			developmentRegion = en;
			hasScannedForEncodings = 0;
			knownRegions = (
				en,
				Base,
			);
			mainGroup = BED6D0321F8E0AEF00796293;
			productRefGroup = BED6D03C1F8E0AEF00796293 /* Products */;
			projectDirPath = "";
			projectRoot = "";
			targets = (
				BED6D03A1F8E0AEF00796293 /* autolayoutcoded */,
			);
		};
/* End PBXProject section */

/* Begin PBXResourcesBuildPhase section */
		BED6D0391F8E0AEF00796293 /* Resources */ = {
			isa = PBXResourcesBuildPhase;
			buildActionMask = 2147483647;
			files = (
				BED6D0491F8E0AEF00796293 /* LaunchScreen.storyboard in Resources */,
				BED6D0461F8E0AEF00796293 /* Assets.xcassets in Resources */,
				BED6D0441F8E0AEF00796293 /* Main.storyboard in Resources */,
			);
			runOnlyForDeploymentPostprocessing = 0;
		};
/* End PBXResourcesBuildPhase section */

/* Begin PBXSourcesBuildPhase section */
		BED6D0371F8E0AEF00796293 /* Sources */ = {
			isa = PBXSourcesBuildPhase;
			buildActionMask = 2147483647;
			files = (
				BED6D0411F8E0AEF00796293 /* ViewController.swift in Sources */,
				BED6D03F1F8E0AEF00796293 /* AppDelegate.swift in Sources */,
			);
			runOnlyForDeploymentPostprocessing = 0;
		};
/* End PBXSourcesBuildPhase section */

/* Begin PBXVariantGroup section */
		BED6D0421F8E0AEF00796293 /* Main.storyboard */ = {
			isa = PBXVariantGroup;
			children = (
				BED6D0431F8E0AEF00796293 /* Base */,
			);
			name = Main.storyboard;
			sourceTree = "<group>";
		};
		BED6D0471F8E0AEF00796293 /* LaunchScreen.storyboard */ = {
			isa = PBXVariantGroup;
			children = (
				BED6D0481F8E0AEF00796293 /* Base */,
			);
			name = LaunchScreen.storyboard;
			sourceTree = "<group>";
		};
/* End PBXVariantGroup section */

/* Begin XCBuildConfiguration section */
		BED6D04B1F8E0AEF00796293 /* Debug */ = {
			isa = XCBuildConfiguration;
			buildSettings = {
				ALWAYS_SEARCH_USER_PATHS = NO;
				CLANG_ANALYZER_NONNULL = YES;
				CLANG_ANALYZER_NUMBER_OBJECT_CONVERSION = YES_AGGRESSIVE;
				CLANG_CXX_LANGUAGE_STANDARD = "gnu++14";
				CLANG_CXX_LIBRARY = "libc++";
				CLANG_ENABLE_MODULES = YES;
				CLANG_ENABLE_OBJC_ARC = YES;
				CLANG_WARN_BLOCK_CAPTURE_AUTORELEASING = YES;
				CLANG_WARN_BOOL_CONVERSION = YES;
				CLANG_WARN_COMMA = YES;
				CLANG_WARN_CONSTANT_CONVERSION = YES;
				CLANG_WARN_DIRECT_OBJC_ISA_USAGE = YES_ERROR;
				CLANG_WARN_DOCUMENTATION_COMMENTS = YES;
				CLANG_WARN_EMPTY_BODY = YES;
				CLANG_WARN_ENUM_CONVERSION = YES;
				CLANG_WARN_INFINITE_RECURSION = YES;
				CLANG_WARN_INT_CONVERSION = YES;
				CLANG_WARN_NON_LITERAL_NULL_CONVERSION = YES;
				CLANG_WARN_OBJC_LITERAL_CONVERSION = YES;
				CLANG_WARN_OBJC_ROOT_CLASS = YES_ERROR;
				CLANG_WARN_RANGE_LOOP_ANALYSIS = YES;
				CLANG_WARN_STRICT_PROTOTYPES = YES;
				CLANG_WARN_SUSPICIOUS_MOVE = YES;
				CLANG_WARN_UNGUARDED_AVAILABILITY = YES_AGGRESSIVE;
				CLANG_WARN_UNREACHABLE_CODE = YES;
				CLANG_WARN__DUPLICATE_METHOD_MATCH = YES;
				CODE_SIGN_IDENTITY = "iPhone Developer";
				COPY_PHASE_STRIP = NO;
				DEBUG_INFORMATION_FORMAT = dwarf;
				ENABLE_STRICT_OBJC_MSGSEND = YES;
				ENABLE_TESTABILITY = YES;
				GCC_C_LANGUAGE_STANDARD = gnu11;
				GCC_DYNAMIC_NO_PIC = NO;
				GCC_NO_COMMON_BLOCKS = YES;
				GCC_OPTIMIZATION_LEVEL = 0;
				GCC_PREPROCESSOR_DEFINITIONS = (
					"DEBUG=1",
					"$(inherited)",
				);
				GCC_WARN_64_TO_32_BIT_CONVERSION = YES;
				GCC_WARN_ABOUT_RETURN_TYPE = YES_ERROR;
				GCC_WARN_UNDECLARED_SELECTOR = YES;
				GCC_WARN_UNINITIALIZED_AUTOS = YES_AGGRESSIVE;
				GCC_WARN_UNUSED_FUNCTION = YES;
				GCC_WARN_UNUSED_VARIABLE = YES;
				IPHONEOS_DEPLOYMENT_TARGET = 11.1;
				MTL_ENABLE_DEBUG_INFO = YES;
				ONLY_ACTIVE_ARCH = YES;
				SDKROOT = iphoneos;
				SWIFT_ACTIVE_COMPILATION_CONDITIONS = DEBUG;
				SWIFT_OPTIMIZATION_LEVEL = "-Onone";
			};
			name = Debug;
		};
		BED6D04C1F8E0AEF00796293 /* Release */ = {
			isa = XCBuildConfiguration;
			buildSettings = {
				ALWAYS_SEARCH_USER_PATHS = NO;
				CLANG_ANALYZER_NONNULL = YES;
				CLANG_ANALYZER_NUMBER_OBJECT_CONVERSION = YES_AGGRESSIVE;
				CLANG_CXX_LANGUAGE_STANDARD = "gnu++14";
				CLANG_CXX_LIBRARY = "libc++";
				CLANG_ENABLE_MODULES = YES;
				CLANG_ENABLE_OBJC_ARC = YES;
				CLANG_WARN_BLOCK_CAPTURE_AUTORELEASING = YES;
				CLANG_WARN_BOOL_CONVERSION = YES;
				CLANG_WARN_COMMA = YES;
				CLANG_WARN_CONSTANT_CONVERSION = YES;
				CLANG_WARN_DIRECT_OBJC_ISA_USAGE = YES_ERROR;
				CLANG_WARN_DOCUMENTATION_COMMENTS = YES;
				CLANG_WARN_EMPTY_BODY = YES;
				CLANG_WARN_ENUM_CONVERSION = YES;
				CLANG_WARN_INFINITE_RECURSION = YES;
				CLANG_WARN_INT_CONVERSION = YES;
				CLANG_WARN_NON_LITERAL_NULL_CONVERSION = YES;
				CLANG_WARN_OBJC_LITERAL_CONVERSION = YES;
				CLANG_WARN_OBJC_ROOT_CLASS = YES_ERROR;
				CLANG_WARN_RANGE_LOOP_ANALYSIS = YES;
				CLANG_WARN_STRICT_PROTOTYPES = YES;
				CLANG_WARN_SUSPICIOUS_MOVE = YES;
				CLANG_WARN_UNGUARDED_AVAILABILITY = YES_AGGRESSIVE;
				CLANG_WARN_UNREACHABLE_CODE = YES;
				CLANG_WARN__DUPLICATE_METHOD_MATCH = YES;
				CODE_SIGN_IDENTITY = "iPhone Developer";
				COPY_PHASE_STRIP = NO;
				DEBUG_INFORMATION_FORMAT = "dwarf-with-dsym";
				ENABLE_NS_ASSERTIONS = NO;
				ENABLE_STRICT_OBJC_MSGSEND = YES;
				GCC_C_LANGUAGE_STANDARD = gnu11;
				GCC_NO_COMMON_BLOCKS = YES;
				GCC_WARN_64_TO_32_BIT_CONVERSION = YES;
				GCC_WARN_ABOUT_RETURN_TYPE = YES_ERROR;
				GCC_WARN_UNDECLARED_SELECTOR = YES;
				GCC_WARN_UNINITIALIZED_AUTOS = YES_AGGRESSIVE;
				GCC_WARN_UNUSED_FUNCTION = YES;
				GCC_WARN_UNUSED_VARIABLE = YES;
				IPHONEOS_DEPLOYMENT_TARGET = 11.1;
				MTL_ENABLE_DEBUG_INFO = NO;
				SDKROOT = iphoneos;
				SWIFT_OPTIMIZATION_LEVEL = "-Owholemodule";
				VALIDATE_PRODUCT = YES;
			};
			name = Release;
		};
		BED6D04E1F8E0AEF00796293 /* Debug */ = {
			isa = XCBuildConfiguration;
			buildSettings = {
				ASSETCATALOG_COMPILER_APPICON_NAME = AppIcon;
				CODE_SIGN_STYLE = Automatic;
				INFOPLIST_FILE = autolayoutcoded/Info.plist;
				LD_RUNPATH_SEARCH_PATHS = "$(inherited) @executable_path/Frameworks";
				PRODUCT_BUNDLE_IDENTIFIER = com.swiftalmanac.autolayoutcoded;
				PRODUCT_NAME = "$(TARGET_NAME)";
				SWIFT_VERSION = 4.0;
				TARGETED_DEVICE_FAMILY = "1,2";
			};
			name = Debug;
		};
		BED6D04F1F8E0AEF00796293 /* Release */ = {
			isa = XCBuildConfiguration;
			buildSettings = {
				ASSETCATALOG_COMPILER_APPICON_NAME = AppIcon;
				CODE_SIGN_STYLE = Automatic;
				INFOPLIST_FILE = autolayoutcoded/Info.plist;
				LD_RUNPATH_SEARCH_PATHS = "$(inherited) @executable_path/Frameworks";
				PRODUCT_BUNDLE_IDENTIFIER = com.swiftalmanac.autolayoutcoded;
				PRODUCT_NAME = "$(TARGET_NAME)";
				SWIFT_VERSION = 4.0;
				TARGETED_DEVICE_FAMILY = "1,2";
			};
			name = Release;
		};
/* End XCBuildConfiguration section */

/* Begin XCConfigurationList section */
		BED6D0361F8E0AEF00796293 /* Build configuration list for PBXProject "autolayoutcoded" */ = {
			isa = XCConfigurationList;
			buildConfigurations = (
				BED6D04B1F8E0AEF00796293 /* Debug */,
				BED6D04C1F8E0AEF00796293 /* Release */,
			);
			defaultConfigurationIsVisible = 0;
			defaultConfigurationName = Release;
		};
		BED6D04D1F8E0AEF00796293 /* Build configuration list for PBXNativeTarget "autolayoutcoded" */ = {
			isa = XCConfigurationList;
			buildConfigurations = (
				BED6D04E1F8E0AEF00796293 /* Debug */,
				BED6D04F1F8E0AEF00796293 /* Release */,
			);
			defaultConfigurationIsVisible = 0;
			defaultConfigurationName = Release;
		};
/* End XCConfigurationList section */
	};
	rootObject = BED6D0331F8E0AEF00796293 /* Project object */;
}
